
Microsoft Visual Studio Solution File, Format Version 12.00
# Visual Studio Version 17
VisualStudioVersion = 17.5.002.0
MinimumVisualStudioVersion = 10.0.40219.1
Project("{9A19103F-16F7-4668-BE54-9A1E7A4F7556}") = "Lab-AS", "Lab-AS.csproj", "{9B4E92F2-427C-4FA2-B210-C319E213F26D}"
EndProject
Global
	GlobalSection(SolutionConfigurationPlatforms) = preSolution
		Debug|Any CPU = Debug|Any CPU
		Release|Any CPU = Release|Any CPU
	EndGlobalSection
	GlobalSection(ProjectConfigurationPlatforms) = postSolution
		{9B4E92F2-427C-4FA2-B210-C319E213F26D}.Debug|Any CPU.ActiveCfg = Debug|Any CPU
		{9B4E92F2-427C-4FA2-B210-C319E213F26D}.Debug|Any CPU.Build.0 = Debug|Any CPU
		{9B4E92F2-427C-4FA2-B210-C319E213F26D}.Release|Any CPU.ActiveCfg = Release|Any CPU
		{9B4E92F2-427C-4FA2-B210-C319E213F26D}.Release|Any CPU.Build.0 = Release|Any CPU
	EndGlobalSection
	GlobalSection(SolutionProperties) = preSolution
		HideSolutionNode = FALSE
	EndGlobalSection
	GlobalSection(ExtensibilityGlobals) = postSolution
		SolutionGuid = {DF1A5251-479A-480A-A9FA-9EC283621A8F}
	EndGlobalSection
EndGlobal
